
Microsoft Visual Studio Solution File, Format Version 12.00
# Visual Studio Version 17
VisualStudioVersion = 17.11.35222.181
MinimumVisualStudioVersion = 10.0.40219.1
Project("{FAE04EC0-301F-11D3-BF4B-00C04F79EFBC}") = "Shapes", "Shapes.csproj", "{F1586358-8FBB-4255-B2DB-994E728AAFDD}"
EndProject
Global
	GlobalSection(SolutionConfigurationPlatforms) = preSolution
		Debug|Any CPU = Debug|Any CPU
		Release|Any CPU = Release|Any CPU
	EndGlobalSection
	GlobalSection(ProjectConfigurationPlatforms) = postSolution
		{F1586358-8FBB-4255-B2DB-994E728AAFDD}.Debug|Any CPU.ActiveCfg = Debug|Any CPU
		{F1586358-8FBB-4255-B2DB-994E728AAFDD}.Debug|Any CPU.Build.0 = Debug|Any CPU
		{F1586358-8FBB-4255-B2DB-994E728AAFDD}.Release|Any CPU.ActiveCfg = Release|Any CPU
		{F1586358-8FBB-4255-B2DB-994E728AAFDD}.Release|Any CPU.Build.0 = Release|Any CPU
	EndGlobalSection
	GlobalSection(SolutionProperties) = preSolution
		HideSolutionNode = FALSE
	EndGlobalSection
	GlobalSection(ExtensibilityGlobals) = postSolution
		SolutionGuid = {16279942-90C9-4218-9BBB-AD472A13A5D6}
	EndGlobalSection
EndGlobal
